
Microsoft Visual Studio Solution File, Format Version 12.00
# Visual Studio Version 17
VisualStudioVersion = 17.13.35913.81
MinimumVisualStudioVersion = 10.0.40219.1
Project("{FAE04EC0-301F-11D3-BF4B-00C04F79EFBC}") = "DataAccessLibrary", "DataAccessLibrary\DataAccessLibrary.csproj", "{ED55C860-6A3D-401D-AF57-795F0D42A658}"
EndProject
Project("{00D1A9C2-B5F0-4AF3-8072-F6C62B433612}") = "SQLContactsDB", "SQLContactsDB\SQLContactsDB.sqlproj", "{6D7C20C4-BE9A-4B65-98E2-91213D93B319}"
EndProject
Project("{FAE04EC0-301F-11D3-BF4B-00C04F79EFBC}") = "SQLServerUI", "SQLServerUI\SQLServerUI.csproj", "{1403CE2C-49D7-4189-B6D4-495F610479F8}"
EndProject
Global
	GlobalSection(SolutionConfigurationPlatforms) = preSolution
		Debug|Any CPU = Debug|Any CPU
		Release|Any CPU = Release|Any CPU
	EndGlobalSection
	GlobalSection(ProjectConfigurationPlatforms) = postSolution
		{ED55C860-6A3D-401D-AF57-795F0D42A658}.Debug|Any CPU.ActiveCfg = Debug|Any CPU
		{ED55C860-6A3D-401D-AF57-795F0D42A658}.Debug|Any CPU.Build.0 = Debug|Any CPU
		{ED55C860-6A3D-401D-AF57-795F0D42A658}.Release|Any CPU.ActiveCfg = Release|Any CPU
		{ED55C860-6A3D-401D-AF57-795F0D42A658}.Release|Any CPU.Build.0 = Release|Any CPU
		{6D7C20C4-BE9A-4B65-98E2-91213D93B319}.Debug|Any CPU.ActiveCfg = Debug|Any CPU
		{6D7C20C4-BE9A-4B65-98E2-91213D93B319}.Debug|Any CPU.Build.0 = Debug|Any CPU
		{6D7C20C4-BE9A-4B65-98E2-91213D93B319}.Debug|Any CPU.Deploy.0 = Debug|Any CPU
		{6D7C20C4-BE9A-4B65-98E2-91213D93B319}.Release|Any CPU.ActiveCfg = Release|Any CPU
		{6D7C20C4-BE9A-4B65-98E2-91213D93B319}.Release|Any CPU.Build.0 = Release|Any CPU
		{6D7C20C4-BE9A-4B65-98E2-91213D93B319}.Release|Any CPU.Deploy.0 = Release|Any CPU
		{1403CE2C-49D7-4189-B6D4-495F610479F8}.Debug|Any CPU.ActiveCfg = Debug|Any CPU
		{1403CE2C-49D7-4189-B6D4-495F610479F8}.Debug|Any CPU.Build.0 = Debug|Any CPU
		{1403CE2C-49D7-4189-B6D4-495F610479F8}.Release|Any CPU.ActiveCfg = Release|Any CPU
		{1403CE2C-49D7-4189-B6D4-495F610479F8}.Release|Any CPU.Build.0 = Release|Any CPU
	EndGlobalSection
	GlobalSection(SolutionProperties) = preSolution
		HideSolutionNode = FALSE
	EndGlobalSection
	GlobalSection(ExtensibilityGlobals) = postSolution
		SolutionGuid = {1E1D8246-1CB6-492C-8F7E-B19817F8B55A}
	EndGlobalSection
EndGlobal
