
Microsoft Visual Studio Solution File, Format Version 12.00
# Visual Studio Version 17
VisualStudioVersion = 17.13.35913.81 d17.13
MinimumVisualStudioVersion = 10.0.40219.1
Project("{FAE04EC0-301F-11D3-BF4B-00C04F79EFBC}") = "MessageWall", "MessageWall\MessageWall.csproj", "{141E2705-5129-4879-AB85-5925E304DD22}"
EndProject
Global
	GlobalSection(SolutionConfigurationPlatforms) = preSolution
		Debug|Any CPU = Debug|Any CPU
		Release|Any CPU = Release|Any CPU
	EndGlobalSection
	GlobalSection(ProjectConfigurationPlatforms) = postSolution
		{141E2705-5129-4879-AB85-5925E304DD22}.Debug|Any CPU.ActiveCfg = Debug|Any CPU
		{141E2705-5129-4879-AB85-5925E304DD22}.Debug|Any CPU.Build.0 = Debug|Any CPU
		{141E2705-5129-4879-AB85-5925E304DD22}.Release|Any CPU.ActiveCfg = Release|Any CPU
		{141E2705-5129-4879-AB85-5925E304DD22}.Release|Any CPU.Build.0 = Release|Any CPU
	EndGlobalSection
	GlobalSection(SolutionProperties) = preSolution
		HideSolutionNode = FALSE
	EndGlobalSection
	GlobalSection(ExtensibilityGlobals) = postSolution
		SolutionGuid = {AC432C8A-D5B7-4596-807D-7D706277CE4E}
	EndGlobalSection
EndGlobal
