
Microsoft Visual Studio Solution File, Format Version 12.00
# Visual Studio Version 17
VisualStudioVersion = 17.13.35913.81 d17.13
MinimumVisualStudioVersion = 10.0.40219.1
Project("{FAE04EC0-301F-11D3-BF4B-00C04F79EFBC}") = "InstantiatedClasses", "InstantiatedClasses\InstantiatedClasses.csproj", "{DF361009-CF3D-44B1-B798-322A2D44E731}"
EndProject
Global
	GlobalSection(SolutionConfigurationPlatforms) = preSolution
		Debug|Any CPU = Debug|Any CPU
		Release|Any CPU = Release|Any CPU
	EndGlobalSection
	GlobalSection(ProjectConfigurationPlatforms) = postSolution
		{DF361009-CF3D-44B1-B798-322A2D44E731}.Debug|Any CPU.ActiveCfg = Debug|Any CPU
		{DF361009-CF3D-44B1-B798-322A2D44E731}.Debug|Any CPU.Build.0 = Debug|Any CPU
		{DF361009-CF3D-44B1-B798-322A2D44E731}.Release|Any CPU.ActiveCfg = Release|Any CPU
		{DF361009-CF3D-44B1-B798-322A2D44E731}.Release|Any CPU.Build.0 = Release|Any CPU
	EndGlobalSection
	GlobalSection(SolutionProperties) = preSolution
		HideSolutionNode = FALSE
	EndGlobalSection
	GlobalSection(ExtensibilityGlobals) = postSolution
		SolutionGuid = {BCB93510-1292-4DB5-BA4A-603845346049}
	EndGlobalSection
EndGlobal
